
Microsoft Visual Studio Solution File, Format Version 12.00
# Visual Studio 15
VisualStudioVersion = 15.0.27703.2018
MinimumVisualStudioVersion = 10.0.40219.1
Project("{FAE04EC0-301F-11D3-BF4B-00C04F79EFBC}") = "Vidly", "Vidly\Vidly.csproj", "{C350BDED-8B9E-4F56-9C2C-3C82FEB7444C}"
EndProject
Global
	GlobalSection(SolutionConfigurationPlatforms) = preSolution
		Debug|Any CPU = Debug|Any CPU
		Release|Any CPU = Release|Any CPU
	EndGlobalSection
	GlobalSection(ProjectConfigurationPlatforms) = postSolution
		{C350BDED-8B9E-4F56-9C2C-3C82FEB7444C}.Debug|Any CPU.ActiveCfg = Debug|Any CPU
		{C350BDED-8B9E-4F56-9C2C-3C82FEB7444C}.Debug|Any CPU.Build.0 = Debug|Any CPU
		{C350BDED-8B9E-4F56-9C2C-3C82FEB7444C}.Release|Any CPU.ActiveCfg = Release|Any CPU
		{C350BDED-8B9E-4F56-9C2C-3C82FEB7444C}.Release|Any CPU.Build.0 = Release|Any CPU
	EndGlobalSection
	GlobalSection(SolutionProperties) = preSolution
		HideSolutionNode = FALSE
	EndGlobalSection
	GlobalSection(ExtensibilityGlobals) = postSolution
		SolutionGuid = {B09C231F-FA35-47E3-A61C-BB1E9EEE475D}
	EndGlobalSection
EndGlobal
